
Microsoft Visual Studio Solution File, Format Version 12.00
# Visual Studio Version 17
VisualStudioVersion = 17.4.33110.190
MinimumVisualStudioVersion = 10.0.40219.1
Project("{FAE04EC0-301F-11D3-BF4B-00C04F79EFBC}") = "Automated-testing", "Automated-testing.csproj", "{9602DEC4-E5DB-4A3C-B672-947D49F7B665}"
EndProject
Global
	GlobalSection(SolutionConfigurationPlatforms) = preSolution
		Debug|Any CPU = Debug|Any CPU
		Release|Any CPU = Release|Any CPU
	EndGlobalSection
	GlobalSection(ProjectConfigurationPlatforms) = postSolution
		{9602DEC4-E5DB-4A3C-B672-947D49F7B665}.Debug|Any CPU.ActiveCfg = Debug|Any CPU
		{9602DEC4-E5DB-4A3C-B672-947D49F7B665}.Debug|Any CPU.Build.0 = Debug|Any CPU
		{9602DEC4-E5DB-4A3C-B672-947D49F7B665}.Release|Any CPU.ActiveCfg = Release|Any CPU
		{9602DEC4-E5DB-4A3C-B672-947D49F7B665}.Release|Any CPU.Build.0 = Release|Any CPU
	EndGlobalSection
	GlobalSection(SolutionProperties) = preSolution
		HideSolutionNode = FALSE
	EndGlobalSection
	GlobalSection(ExtensibilityGlobals) = postSolution
		SolutionGuid = {FB9A2CFA-0E0A-4CE9-BE88-AD132B97AB63}
	EndGlobalSection
EndGlobal
